
Microsoft Visual Studio Solution File, Format Version 12.00
# Visual Studio 2012
# SharpDevelop 5.1
VisualStudioVersion = 12.0.20827.3
MinimumVisualStudioVersion = 10.0.40219.1
Project("{FAE04EC0-301F-11D3-BF4B-00C04F79EFBC}") = "Calculator", "Calculator\Calculator.csproj", "{C1E1549A-D204-461A-A7AF-2931E336122A}"
EndProject
Project("{FAE04EC0-301F-11D3-BF4B-00C04F79EFBC}") = "Tests", "Tests\Tests.csproj", "{77FB6810-412C-4460-B13A-B0610BA46E78}"
EndProject
Global
	GlobalSection(SolutionConfigurationPlatforms) = preSolution
		Debug|Any CPU = Debug|Any CPU
		Release|Any CPU = Release|Any CPU
	EndGlobalSection
	GlobalSection(ProjectConfigurationPlatforms) = postSolution
		{C1E1549A-D204-461A-A7AF-2931E336122A}.Debug|Any CPU.ActiveCfg = Debug|Any CPU
		{C1E1549A-D204-461A-A7AF-2931E336122A}.Debug|Any CPU.Build.0 = Debug|Any CPU
		{C1E1549A-D204-461A-A7AF-2931E336122A}.Release|Any CPU.ActiveCfg = Release|Any CPU
		{C1E1549A-D204-461A-A7AF-2931E336122A}.Release|Any CPU.Build.0 = Release|Any CPU
		{77FB6810-412C-4460-B13A-B0610BA46E78}.Debug|Any CPU.ActiveCfg = Debug|Any CPU
		{77FB6810-412C-4460-B13A-B0610BA46E78}.Debug|Any CPU.Build.0 = Debug|Any CPU
		{77FB6810-412C-4460-B13A-B0610BA46E78}.Release|Any CPU.ActiveCfg = Release|Any CPU
		{77FB6810-412C-4460-B13A-B0610BA46E78}.Release|Any CPU.Build.0 = Release|Any CPU
	EndGlobalSection
EndGlobal
